
Microsoft Visual Studio Solution File, Format Version 12.00
# Visual Studio 15
VisualStudioVersion = 15.0.27004.2009
MinimumVisualStudioVersion = 10.0.40219.1
Project("{8BC9CEB8-8B4A-11D0-8D11-00A0C91BC942}") = "Lab1", "ConsoleProjectOne\ConsoleProjectOne.vcxproj", "{4DC17719-6686-4F09-9DD3-625CA79BC5AA}"
EndProject
Project("{8BC9CEB8-8B4A-11D0-8D11-00A0C91BC942}") = "Lab2", "Lab2\Lab2.vcxproj", "{85013127-4730-4DCD-83FC-4363062C054B}"
EndProject
Project("{8BC9CEB8-8B4A-11D0-8D11-00A0C91BC942}") = "Lab3", "Lab3\Lab3.vcxproj", "{C53DBEE2-7FB0-49C3-9E2A-D91025CD4DF8}"
EndProject
Project("{8BC9CEB8-8B4A-11D0-8D11-00A0C91BC942}") = "Vector_Math", "Vector_Math\Vector_Math.vcxproj", "{4BEFBD8F-9C10-4AE0-92CD-EA7757AE92AD}"
EndProject
Project("{8BC9CEB8-8B4A-11D0-8D11-00A0C91BC942}") = "Lab4", "Lab4\Lab4.vcxproj", "{80AF6361-FA3F-470A-8A9D-7A5E5A8F54A6}"
EndProject
Project("{8BC9CEB8-8B4A-11D0-8D11-00A0C91BC942}") = "Funct", "Funct\Funct.vcxproj", "{D07871A6-A8F3-404D-98BB-D009723D42A6}"
EndProject
Project("{8BC9CEB8-8B4A-11D0-8D11-00A0C91BC942}") = "Funct_DynamicMassives", "Funct_DynamicMassives\Funct_DynamicMassives.vcxproj", "{7D7C5E63-CB33-40F5-B8B6-F6EC0F5D7BF4}"
EndProject
Project("{8BC9CEB8-8B4A-11D0-8D11-00A0C91BC942}") = "Massives", "Massives\Massives.vcxproj", "{14546D45-7B5D-4EE7-8276-F64F069F9C99}"
EndProject
Project("{8BC9CEB8-8B4A-11D0-8D11-00A0C91BC942}") = "ClassesObjects", "ClassesObjects\ClassesObjects.vcxproj", "{989DB61B-505C-4A75-905E-F71867502C1B}"
EndProject
Project("{8BC9CEB8-8B4A-11D0-8D11-00A0C91BC942}") = "MatrixVect_Classes", "MatrixVect_Classes\MatrixVect_Classes.vcxproj", "{EA1DE211-6CE8-4E52-9989-7B5AFF946E03}"
EndProject
Project("{8BC9CEB8-8B4A-11D0-8D11-00A0C91BC942}") = "Libraries", "Libraries\Libraries.vcxproj", "{68F85508-E09C-4BAB-BD1E-2FF4FE8E1FB4}"
EndProject
Project("{8BC9CEB8-8B4A-11D0-8D11-00A0C91BC942}") = "Libararies LIB", "Libararies LIB\Libararies LIB.vcxproj", "{03D88E4F-2F2E-40C5-9763-E6E6BED71049}"
EndProject
Project("{8BC9CEB8-8B4A-11D0-8D11-00A0C91BC942}") = "Libraries DLL", "Libraries DLL\Libraries DLL.vcxproj", "{121A5DFA-D4F9-45A7-9F13-9A84079CA88B}"
EndProject
Project("{2150E333-8FDC-42A3-9474-1A3956D46DE8}") = "Libs", "Libs", "{595F1EC4-598D-409F-B068-1F8A2FC5D5AF}"
EndProject
Project("{8BC9CEB8-8B4A-11D0-8D11-00A0C91BC942}") = "ClassInheritance", "ClassInheritance\ClassInheritance.vcxproj", "{D80A3B9F-D1A4-4EB6-9125-882636E42BC3}"
EndProject
Global
	GlobalSection(SolutionConfigurationPlatforms) = preSolution
		Debug|x64 = Debug|x64
		Debug|x86 = Debug|x86
		Release|x64 = Release|x64
		Release|x86 = Release|x86
	EndGlobalSection
	GlobalSection(ProjectConfigurationPlatforms) = postSolution
		{4DC17719-6686-4F09-9DD3-625CA79BC5AA}.Debug|x64.ActiveCfg = Debug|x64
		{4DC17719-6686-4F09-9DD3-625CA79BC5AA}.Debug|x64.Build.0 = Debug|x64
		{4DC17719-6686-4F09-9DD3-625CA79BC5AA}.Debug|x86.ActiveCfg = Debug|Win32
		{4DC17719-6686-4F09-9DD3-625CA79BC5AA}.Debug|x86.Build.0 = Debug|Win32
		{4DC17719-6686-4F09-9DD3-625CA79BC5AA}.Release|x64.ActiveCfg = Release|x64
		{4DC17719-6686-4F09-9DD3-625CA79BC5AA}.Release|x64.Build.0 = Release|x64
		{4DC17719-6686-4F09-9DD3-625CA79BC5AA}.Release|x86.ActiveCfg = Release|Win32
		{4DC17719-6686-4F09-9DD3-625CA79BC5AA}.Release|x86.Build.0 = Release|Win32
		{85013127-4730-4DCD-83FC-4363062C054B}.Debug|x64.ActiveCfg = Debug|x64
		{85013127-4730-4DCD-83FC-4363062C054B}.Debug|x64.Build.0 = Debug|x64
		{85013127-4730-4DCD-83FC-4363062C054B}.Debug|x86.ActiveCfg = Debug|Win32
		{85013127-4730-4DCD-83FC-4363062C054B}.Debug|x86.Build.0 = Debug|Win32
		{85013127-4730-4DCD-83FC-4363062C054B}.Release|x64.ActiveCfg = Release|x64
		{85013127-4730-4DCD-83FC-4363062C054B}.Release|x64.Build.0 = Release|x64
		{85013127-4730-4DCD-83FC-4363062C054B}.Release|x86.ActiveCfg = Release|Win32
		{85013127-4730-4DCD-83FC-4363062C054B}.Release|x86.Build.0 = Release|Win32
		{C53DBEE2-7FB0-49C3-9E2A-D91025CD4DF8}.Debug|x64.ActiveCfg = Debug|x64
		{C53DBEE2-7FB0-49C3-9E2A-D91025CD4DF8}.Debug|x64.Build.0 = Debug|x64
		{C53DBEE2-7FB0-49C3-9E2A-D91025CD4DF8}.Debug|x86.ActiveCfg = Debug|Win32
		{C53DBEE2-7FB0-49C3-9E2A-D91025CD4DF8}.Debug|x86.Build.0 = Debug|Win32
		{C53DBEE2-7FB0-49C3-9E2A-D91025CD4DF8}.Release|x64.ActiveCfg = Release|x64
		{C53DBEE2-7FB0-49C3-9E2A-D91025CD4DF8}.Release|x64.Build.0 = Release|x64
		{C53DBEE2-7FB0-49C3-9E2A-D91025CD4DF8}.Release|x86.ActiveCfg = Release|Win32
		{C53DBEE2-7FB0-49C3-9E2A-D91025CD4DF8}.Release|x86.Build.0 = Release|Win32
		{4BEFBD8F-9C10-4AE0-92CD-EA7757AE92AD}.Debug|x64.ActiveCfg = Debug|x64
		{4BEFBD8F-9C10-4AE0-92CD-EA7757AE92AD}.Debug|x64.Build.0 = Debug|x64
		{4BEFBD8F-9C10-4AE0-92CD-EA7757AE92AD}.Debug|x86.ActiveCfg = Debug|Win32
		{4BEFBD8F-9C10-4AE0-92CD-EA7757AE92AD}.Debug|x86.Build.0 = Debug|Win32
		{4BEFBD8F-9C10-4AE0-92CD-EA7757AE92AD}.Release|x64.ActiveCfg = Release|x64
		{4BEFBD8F-9C10-4AE0-92CD-EA7757AE92AD}.Release|x64.Build.0 = Release|x64
		{4BEFBD8F-9C10-4AE0-92CD-EA7757AE92AD}.Release|x86.ActiveCfg = Release|Win32
		{4BEFBD8F-9C10-4AE0-92CD-EA7757AE92AD}.Release|x86.Build.0 = Release|Win32
		{80AF6361-FA3F-470A-8A9D-7A5E5A8F54A6}.Debug|x64.ActiveCfg = Debug|x64
		{80AF6361-FA3F-470A-8A9D-7A5E5A8F54A6}.Debug|x64.Build.0 = Debug|x64
		{80AF6361-FA3F-470A-8A9D-7A5E5A8F54A6}.Debug|x86.ActiveCfg = Debug|Win32
		{80AF6361-FA3F-470A-8A9D-7A5E5A8F54A6}.Debug|x86.Build.0 = Debug|Win32
		{80AF6361-FA3F-470A-8A9D-7A5E5A8F54A6}.Release|x64.ActiveCfg = Release|x64
		{80AF6361-FA3F-470A-8A9D-7A5E5A8F54A6}.Release|x64.Build.0 = Release|x64
		{80AF6361-FA3F-470A-8A9D-7A5E5A8F54A6}.Release|x86.ActiveCfg = Release|Win32
		{80AF6361-FA3F-470A-8A9D-7A5E5A8F54A6}.Release|x86.Build.0 = Release|Win32
		{D07871A6-A8F3-404D-98BB-D009723D42A6}.Debug|x64.ActiveCfg = Debug|x64
		{D07871A6-A8F3-404D-98BB-D009723D42A6}.Debug|x64.Build.0 = Debug|x64
		{D07871A6-A8F3-404D-98BB-D009723D42A6}.Debug|x86.ActiveCfg = Debug|Win32
		{D07871A6-A8F3-404D-98BB-D009723D42A6}.Debug|x86.Build.0 = Debug|Win32
		{D07871A6-A8F3-404D-98BB-D009723D42A6}.Release|x64.ActiveCfg = Release|x64
		{D07871A6-A8F3-404D-98BB-D009723D42A6}.Release|x64.Build.0 = Release|x64
		{D07871A6-A8F3-404D-98BB-D009723D42A6}.Release|x86.ActiveCfg = Release|Win32
		{D07871A6-A8F3-404D-98BB-D009723D42A6}.Release|x86.Build.0 = Release|Win32
		{7D7C5E63-CB33-40F5-B8B6-F6EC0F5D7BF4}.Debug|x64.ActiveCfg = Debug|x64
		{7D7C5E63-CB33-40F5-B8B6-F6EC0F5D7BF4}.Debug|x64.Build.0 = Debug|x64
		{7D7C5E63-CB33-40F5-B8B6-F6EC0F5D7BF4}.Debug|x86.ActiveCfg = Debug|Win32
		{7D7C5E63-CB33-40F5-B8B6-F6EC0F5D7BF4}.Debug|x86.Build.0 = Debug|Win32
		{7D7C5E63-CB33-40F5-B8B6-F6EC0F5D7BF4}.Release|x64.ActiveCfg = Release|x64
		{7D7C5E63-CB33-40F5-B8B6-F6EC0F5D7BF4}.Release|x64.Build.0 = Release|x64
		{7D7C5E63-CB33-40F5-B8B6-F6EC0F5D7BF4}.Release|x86.ActiveCfg = Release|Win32
		{7D7C5E63-CB33-40F5-B8B6-F6EC0F5D7BF4}.Release|x86.Build.0 = Release|Win32
		{14546D45-7B5D-4EE7-8276-F64F069F9C99}.Debug|x64.ActiveCfg = Debug|x64
		{14546D45-7B5D-4EE7-8276-F64F069F9C99}.Debug|x64.Build.0 = Debug|x64
		{14546D45-7B5D-4EE7-8276-F64F069F9C99}.Debug|x86.ActiveCfg = Debug|Win32
		{14546D45-7B5D-4EE7-8276-F64F069F9C99}.Debug|x86.Build.0 = Debug|Win32
		{14546D45-7B5D-4EE7-8276-F64F069F9C99}.Release|x64.ActiveCfg = Release|x64
		{14546D45-7B5D-4EE7-8276-F64F069F9C99}.Release|x64.Build.0 = Release|x64
		{14546D45-7B5D-4EE7-8276-F64F069F9C99}.Release|x86.ActiveCfg = Release|Win32
		{14546D45-7B5D-4EE7-8276-F64F069F9C99}.Release|x86.Build.0 = Release|Win32
		{989DB61B-505C-4A75-905E-F71867502C1B}.Debug|x64.ActiveCfg = Debug|x64
		{989DB61B-505C-4A75-905E-F71867502C1B}.Debug|x64.Build.0 = Debug|x64
		{989DB61B-505C-4A75-905E-F71867502C1B}.Debug|x86.ActiveCfg = Debug|Win32
		{989DB61B-505C-4A75-905E-F71867502C1B}.Debug|x86.Build.0 = Debug|Win32
		{989DB61B-505C-4A75-905E-F71867502C1B}.Release|x64.ActiveCfg = Release|x64
		{989DB61B-505C-4A75-905E-F71867502C1B}.Release|x64.Build.0 = Release|x64
		{989DB61B-505C-4A75-905E-F71867502C1B}.Release|x86.ActiveCfg = Release|Win32
		{989DB61B-505C-4A75-905E-F71867502C1B}.Release|x86.Build.0 = Release|Win32
		{EA1DE211-6CE8-4E52-9989-7B5AFF946E03}.Debug|x64.ActiveCfg = Debug|x64
		{EA1DE211-6CE8-4E52-9989-7B5AFF946E03}.Debug|x64.Build.0 = Debug|x64
		{EA1DE211-6CE8-4E52-9989-7B5AFF946E03}.Debug|x86.ActiveCfg = Debug|Win32
		{EA1DE211-6CE8-4E52-9989-7B5AFF946E03}.Debug|x86.Build.0 = Debug|Win32
		{EA1DE211-6CE8-4E52-9989-7B5AFF946E03}.Release|x64.ActiveCfg = Release|x64
		{EA1DE211-6CE8-4E52-9989-7B5AFF946E03}.Release|x64.Build.0 = Release|x64
		{EA1DE211-6CE8-4E52-9989-7B5AFF946E03}.Release|x86.ActiveCfg = Release|Win32
		{EA1DE211-6CE8-4E52-9989-7B5AFF946E03}.Release|x86.Build.0 = Release|Win32
		{68F85508-E09C-4BAB-BD1E-2FF4FE8E1FB4}.Debug|x64.ActiveCfg = Debug|x64
		{68F85508-E09C-4BAB-BD1E-2FF4FE8E1FB4}.Debug|x64.Build.0 = Debug|x64
		{68F85508-E09C-4BAB-BD1E-2FF4FE8E1FB4}.Debug|x86.ActiveCfg = Debug|Win32
		{68F85508-E09C-4BAB-BD1E-2FF4FE8E1FB4}.Debug|x86.Build.0 = Debug|Win32
		{68F85508-E09C-4BAB-BD1E-2FF4FE8E1FB4}.Release|x64.ActiveCfg = Release|x64
		{68F85508-E09C-4BAB-BD1E-2FF4FE8E1FB4}.Release|x64.Build.0 = Release|x64
		{68F85508-E09C-4BAB-BD1E-2FF4FE8E1FB4}.Release|x86.ActiveCfg = Release|Win32
		{68F85508-E09C-4BAB-BD1E-2FF4FE8E1FB4}.Release|x86.Build.0 = Release|Win32
		{03D88E4F-2F2E-40C5-9763-E6E6BED71049}.Debug|x64.ActiveCfg = Debug|x64
		{03D88E4F-2F2E-40C5-9763-E6E6BED71049}.Debug|x64.Build.0 = Debug|x64
		{03D88E4F-2F2E-40C5-9763-E6E6BED71049}.Debug|x86.ActiveCfg = Debug|Win32
		{03D88E4F-2F2E-40C5-9763-E6E6BED71049}.Debug|x86.Build.0 = Debug|Win32
		{03D88E4F-2F2E-40C5-9763-E6E6BED71049}.Release|x64.ActiveCfg = Release|x64
		{03D88E4F-2F2E-40C5-9763-E6E6BED71049}.Release|x64.Build.0 = Release|x64
		{03D88E4F-2F2E-40C5-9763-E6E6BED71049}.Release|x86.ActiveCfg = Release|Win32
		{03D88E4F-2F2E-40C5-9763-E6E6BED71049}.Release|x86.Build.0 = Release|Win32
		{121A5DFA-D4F9-45A7-9F13-9A84079CA88B}.Debug|x64.ActiveCfg = Debug|x64
		{121A5DFA-D4F9-45A7-9F13-9A84079CA88B}.Debug|x64.Build.0 = Debug|x64
		{121A5DFA-D4F9-45A7-9F13-9A84079CA88B}.Debug|x86.ActiveCfg = Debug|Win32
		{121A5DFA-D4F9-45A7-9F13-9A84079CA88B}.Debug|x86.Build.0 = Debug|Win32
		{121A5DFA-D4F9-45A7-9F13-9A84079CA88B}.Release|x64.ActiveCfg = Release|x64
		{121A5DFA-D4F9-45A7-9F13-9A84079CA88B}.Release|x64.Build.0 = Release|x64
		{121A5DFA-D4F9-45A7-9F13-9A84079CA88B}.Release|x86.ActiveCfg = Release|Win32
		{121A5DFA-D4F9-45A7-9F13-9A84079CA88B}.Release|x86.Build.0 = Release|Win32
		{D80A3B9F-D1A4-4EB6-9125-882636E42BC3}.Debug|x64.ActiveCfg = Debug|x64
		{D80A3B9F-D1A4-4EB6-9125-882636E42BC3}.Debug|x64.Build.0 = Debug|x64
		{D80A3B9F-D1A4-4EB6-9125-882636E42BC3}.Debug|x86.ActiveCfg = Debug|Win32
		{D80A3B9F-D1A4-4EB6-9125-882636E42BC3}.Debug|x86.Build.0 = Debug|Win32
		{D80A3B9F-D1A4-4EB6-9125-882636E42BC3}.Release|x64.ActiveCfg = Release|x64
		{D80A3B9F-D1A4-4EB6-9125-882636E42BC3}.Release|x64.Build.0 = Release|x64
		{D80A3B9F-D1A4-4EB6-9125-882636E42BC3}.Release|x86.ActiveCfg = Release|Win32
		{D80A3B9F-D1A4-4EB6-9125-882636E42BC3}.Release|x86.Build.0 = Release|Win32
	EndGlobalSection
	GlobalSection(SolutionProperties) = preSolution
		HideSolutionNode = FALSE
	EndGlobalSection
	GlobalSection(NestedProjects) = preSolution
		{68F85508-E09C-4BAB-BD1E-2FF4FE8E1FB4} = {595F1EC4-598D-409F-B068-1F8A2FC5D5AF}
		{03D88E4F-2F2E-40C5-9763-E6E6BED71049} = {595F1EC4-598D-409F-B068-1F8A2FC5D5AF}
		{121A5DFA-D4F9-45A7-9F13-9A84079CA88B} = {595F1EC4-598D-409F-B068-1F8A2FC5D5AF}
	EndGlobalSection
	GlobalSection(ExtensibilityGlobals) = postSolution
		SolutionGuid = {9999B3F4-2C5A-4DA2-BAAB-A5C68CA3BD83}
	EndGlobalSection
EndGlobal
